// !$*UTF8*$!
{
	archiveVersion = 1;
	classes = {
	};
	objectVersion = 46;
	objects = {

/* Begin PBXBuildFile section */
		115829B119EBF7CD001EE32C /* UpdateHistoryMapViewController.m in Sources */ = {isa = PBXBuildFile; fileRef = 115829B019EBF7CD001EE32C /* UpdateHistoryMapViewController.m */; };
		115829B719EC0265001EE32C /* CoreDataTableViewController.m in Sources */ = {isa = PBXBuildFile; fileRef = 115829B519EC0265001EE32C /* CoreDataTableViewController.m */; };
		115C3BC919EAF0B50002E40C /* LocationUpdateObject+Handler.m in Sources */ = {isa = PBXBuildFile; fileRef = 115C3BC819EAF0B50002E40C /* LocationUpdateObject+Handler.m */; };
		115C3BCF19EBF12A0002E40C /* NSDate+ToString.m in Sources */ = {isa = PBXBuildFile; fileRef = 115C3BCE19EBF12A0002E40C /* NSDate+ToString.m */; };
		1178D4F519ED19E80028261B /* LocationUpdateTableViewController.m in Sources */ = {isa = PBXBuildFile; fileRef = 1178D4F319ED19E80028261B /* LocationUpdateTableViewController.m */; };
		1178D4F819ED1A0D0028261B /* LocationUpdateObject+Annotation.m in Sources */ = {isa = PBXBuildFile; fileRef = 1178D4F719ED1A0D0028261B /* LocationUpdateObject+Annotation.m */; };
		11CFD04D19E66E0900CA20C7 /* main.m in Sources */ = {isa = PBXBuildFile; fileRef = 11CFD04C19E66E0900CA20C7 /* main.m */; };
		11CFD05019E66E0900CA20C7 /* AppDelegate.m in Sources */ = {isa = PBXBuildFile; fileRef = 11CFD04F19E66E0900CA20C7 /* AppDelegate.m */; };
		11CFD05319E66E0900CA20C7 /* CintricLocateTester.xcdatamodeld in Sources */ = {isa = PBXBuildFile; fileRef = 11CFD05119E66E0900CA20C7 /* CintricLocateTester.xcdatamodeld */; };
		11CFD05619E66E0900CA20C7 /* ViewController.m in Sources */ = {isa = PBXBuildFile; fileRef = 11CFD05519E66E0900CA20C7 /* ViewController.m */; };
		11CFD05919E66E0900CA20C7 /* Main.storyboard in Resources */ = {isa = PBXBuildFile; fileRef = 11CFD05719E66E0900CA20C7 /* Main.storyboard */; };
		11CFD05B19E66E0900CA20C7 /* Images.xcassets in Resources */ = {isa = PBXBuildFile; fileRef = 11CFD05A19E66E0900CA20C7 /* Images.xcassets */; };
		11CFD05E19E66E0900CA20C7 /* LaunchScreen.xib in Resources */ = {isa = PBXBuildFile; fileRef = 11CFD05C19E66E0900CA20C7 /* LaunchScreen.xib */; };
		11CFD06A19E66E0900CA20C7 /* CintricLocateTesterTests.m in Sources */ = {isa = PBXBuildFile; fileRef = 11CFD06919E66E0900CA20C7 /* CintricLocateTesterTests.m */; };
		11CFD07519E66F6900CA20C7 /* LocationUpdateObject.m in Sources */ = {isa = PBXBuildFile; fileRef = 11CFD07419E66F6900CA20C7 /* LocationUpdateObject.m */; };
		11FEF65A1C03A8C900CD4B5F /* Cintric.framework in Frameworks */ = {isa = PBXBuildFile; fileRef = 11FEF6581C03A8C900CD4B5F /* Cintric.framework */; };
		11FEF65B1C03A8C900CD4B5F /* Cintric.bundle in Resources */ = {isa = PBXBuildFile; fileRef = 11FEF6591C03A8C900CD4B5F /* Cintric.bundle */; };
/* End PBXBuildFile section */

/* Begin PBXContainerItemProxy section */
		11CFD06419E66E0900CA20C7 /* PBXContainerItemProxy */ = {
			isa = PBXContainerItemProxy;
			containerPortal = 11CFD03F19E66E0900CA20C7 /* Project object */;
			proxyType = 1;
			remoteGlobalIDString = 11CFD04619E66E0900CA20C7;
			remoteInfo = CintricLocateTester;
		};
/* End PBXContainerItemProxy section */

/* Begin PBXCopyFilesBuildPhase section */
		11CFD0C219E6B76700CA20C7 /* Embed Frameworks */ = {
			isa = PBXCopyFilesBuildPhase;
			buildActionMask = 2147483647;
			dstPath = "";
			dstSubfolderSpec = 10;
			files = (
			);
			name = "Embed Frameworks";
			runOnlyForDeploymentPostprocessing = 0;
		};
/* End PBXCopyFilesBuildPhase section */

/* Begin PBXFileReference section */
		115829AF19EBF7CD001EE32C /* UpdateHistoryMapViewController.h */ = {isa = PBXFileReference; fileEncoding = 4; lastKnownFileType = sourcecode.c.h; path = UpdateHistoryMapViewController.h; sourceTree = "<group>"; };
		115829B019EBF7CD001EE32C /* UpdateHistoryMapViewController.m */ = {isa = PBXFileReference; fileEncoding = 4; lastKnownFileType = sourcecode.c.objc; path = UpdateHistoryMapViewController.m; sourceTree = "<group>"; };
		115829B519EC0265001EE32C /* CoreDataTableViewController.m */ = {isa = PBXFileReference; fileEncoding = 4; lastKnownFileType = sourcecode.c.objc; path = CoreDataTableViewController.m; sourceTree = "<group>"; };
		115829B619EC0265001EE32C /* CoreDataTableViewController.h */ = {isa = PBXFileReference; fileEncoding = 4; lastKnownFileType = sourcecode.c.h; path = CoreDataTableViewController.h; sourceTree = "<group>"; };
		115C3BC719EAF0B50002E40C /* LocationUpdateObject+Handler.h */ = {isa = PBXFileReference; fileEncoding = 4; lastKnownFileType = sourcecode.c.h; path = "LocationUpdateObject+Handler.h"; sourceTree = "<group>"; };
		115C3BC819EAF0B50002E40C /* LocationUpdateObject+Handler.m */ = {isa = PBXFileReference; fileEncoding = 4; lastKnownFileType = sourcecode.c.objc; path = "LocationUpdateObject+Handler.m"; sourceTree = "<group>"; };
		115C3BCD19EBF12A0002E40C /* NSDate+ToString.h */ = {isa = PBXFileReference; fileEncoding = 4; lastKnownFileType = sourcecode.c.h; path = "NSDate+ToString.h"; sourceTree = "<group>"; };
		115C3BCE19EBF12A0002E40C /* NSDate+ToString.m */ = {isa = PBXFileReference; fileEncoding = 4; lastKnownFileType = sourcecode.c.objc; path = "NSDate+ToString.m"; sourceTree = "<group>"; };
		1178D4F319ED19E80028261B /* LocationUpdateTableViewController.m */ = {isa = PBXFileReference; fileEncoding = 4; lastKnownFileType = sourcecode.c.objc; path = LocationUpdateTableViewController.m; sourceTree = "<group>"; };
		1178D4F419ED19E80028261B /* LocationUpdateTableViewController.h */ = {isa = PBXFileReference; fileEncoding = 4; lastKnownFileType = sourcecode.c.h; path = LocationUpdateTableViewController.h; sourceTree = "<group>"; };
		1178D4F619ED1A0D0028261B /* LocationUpdateObject+Annotation.h */ = {isa = PBXFileReference; fileEncoding = 4; lastKnownFileType = sourcecode.c.h; path = "LocationUpdateObject+Annotation.h"; sourceTree = "<group>"; };
		1178D4F719ED1A0D0028261B /* LocationUpdateObject+Annotation.m */ = {isa = PBXFileReference; fileEncoding = 4; lastKnownFileType = sourcecode.c.objc; path = "LocationUpdateObject+Annotation.m"; sourceTree = "<group>"; };
		11CFD04719E66E0900CA20C7 /* CintricLocateTester.app */ = {isa = PBXFileReference; explicitFileType = wrapper.application; includeInIndex = 0; path = CintricLocateTester.app; sourceTree = BUILT_PRODUCTS_DIR; };
		11CFD04B19E66E0900CA20C7 /* Info.plist */ = {isa = PBXFileReference; lastKnownFileType = text.plist.xml; path = Info.plist; sourceTree = "<group>"; };
		11CFD04C19E66E0900CA20C7 /* main.m */ = {isa = PBXFileReference; lastKnownFileType = sourcecode.c.objc; path = main.m; sourceTree = "<group>"; };
		11CFD04E19E66E0900CA20C7 /* AppDelegate.h */ = {isa = PBXFileReference; lastKnownFileType = sourcecode.c.h; path = AppDelegate.h; sourceTree = "<group>"; };
		11CFD04F19E66E0900CA20C7 /* AppDelegate.m */ = {isa = PBXFileReference; lastKnownFileType = sourcecode.c.objc; path = AppDelegate.m; sourceTree = "<group>"; };
		11CFD05219E66E0900CA20C7 /* CintricLocateTester.xcdatamodel */ = {isa = PBXFileReference; lastKnownFileType = wrapper.xcdatamodel; path = CintricLocateTester.xcdatamodel; sourceTree = "<group>"; };
		11CFD05419E66E0900CA20C7 /* ViewController.h */ = {isa = PBXFileReference; lastKnownFileType = sourcecode.c.h; path = ViewController.h; sourceTree = "<group>"; };
		11CFD05519E66E0900CA20C7 /* ViewController.m */ = {isa = PBXFileReference; lastKnownFileType = sourcecode.c.objc; path = ViewController.m; sourceTree = "<group>"; };
		11CFD05819E66E0900CA20C7 /* Base */ = {isa = PBXFileReference; lastKnownFileType = file.storyboard; name = Base; path = Base.lproj/Main.storyboard; sourceTree = "<group>"; };
		11CFD05A19E66E0900CA20C7 /* Images.xcassets */ = {isa = PBXFileReference; lastKnownFileType = folder.assetcatalog; path = Images.xcassets; sourceTree = "<group>"; };
		11CFD05D19E66E0900CA20C7 /* Base */ = {isa = PBXFileReference; lastKnownFileType = file.xib; name = Base; path = Base.lproj/LaunchScreen.xib; sourceTree = "<group>"; };
		11CFD06319E66E0900CA20C7 /* CintricLocateTesterTests.xctest */ = {isa = PBXFileReference; explicitFileType = wrapper.cfbundle; includeInIndex = 0; path = CintricLocateTesterTests.xctest; sourceTree = BUILT_PRODUCTS_DIR; };
		11CFD06819E66E0900CA20C7 /* Info.plist */ = {isa = PBXFileReference; lastKnownFileType = text.plist.xml; path = Info.plist; sourceTree = "<group>"; };
		11CFD06919E66E0900CA20C7 /* CintricLocateTesterTests.m */ = {isa = PBXFileReference; lastKnownFileType = sourcecode.c.objc; path = CintricLocateTesterTests.m; sourceTree = "<group>"; };
		11CFD07319E66F6900CA20C7 /* LocationUpdateObject.h */ = {isa = PBXFileReference; fileEncoding = 4; lastKnownFileType = sourcecode.c.h; path = LocationUpdateObject.h; sourceTree = "<group>"; };
		11CFD07419E66F6900CA20C7 /* LocationUpdateObject.m */ = {isa = PBXFileReference; fileEncoding = 4; lastKnownFileType = sourcecode.c.objc; path = LocationUpdateObject.m; sourceTree = "<group>"; };
		11FEF6581C03A8C900CD4B5F /* Cintric.framework */ = {isa = PBXFileReference; lastKnownFileType = wrapper.framework; path = Cintric.framework; sourceTree = "<group>"; };
		11FEF6591C03A8C900CD4B5F /* Cintric.bundle */ = {isa = PBXFileReference; lastKnownFileType = "wrapper.plug-in"; path = Cintric.bundle; sourceTree = "<group>"; };
/* End PBXFileReference section */

/* Begin PBXFrameworksBuildPhase section */
		11CFD04419E66E0900CA20C7 /* Frameworks */ = {
			isa = PBXFrameworksBuildPhase;
			buildActionMask = 2147483647;
			files = (
				11FEF65A1C03A8C900CD4B5F /* Cintric.framework in Frameworks */,
			);
			runOnlyForDeploymentPostprocessing = 0;
		};
		11CFD06019E66E0900CA20C7 /* Frameworks */ = {
			isa = PBXFrameworksBuildPhase;
			buildActionMask = 2147483647;
			files = (
			);
			runOnlyForDeploymentPostprocessing = 0;
		};
/* End PBXFrameworksBuildPhase section */

/* Begin PBXGroup section */
		115C3BC419EAEEC90002E40C /* Model */ = {
			isa = PBXGroup;
			children = (
				11CFD05119E66E0900CA20C7 /* CintricLocateTester.xcdatamodeld */,
				11CFD07319E66F6900CA20C7 /* LocationUpdateObject.h */,
				11CFD07419E66F6900CA20C7 /* LocationUpdateObject.m */,
				115C3BC719EAF0B50002E40C /* LocationUpdateObject+Handler.h */,
				115C3BC819EAF0B50002E40C /* LocationUpdateObject+Handler.m */,
				1178D4F619ED1A0D0028261B /* LocationUpdateObject+Annotation.h */,
				1178D4F719ED1A0D0028261B /* LocationUpdateObject+Annotation.m */,
				115C3BCD19EBF12A0002E40C /* NSDate+ToString.h */,
				115C3BCE19EBF12A0002E40C /* NSDate+ToString.m */,
			);
			name = Model;
			sourceTree = "<group>";
		};
		115C3BC519EAEED40002E40C /* ViewControllers */ = {
			isa = PBXGroup;
			children = (
				11CFD05419E66E0900CA20C7 /* ViewController.h */,
				11CFD05519E66E0900CA20C7 /* ViewController.m */,
				115829AF19EBF7CD001EE32C /* UpdateHistoryMapViewController.h */,
				115829B019EBF7CD001EE32C /* UpdateHistoryMapViewController.m */,
				115829B619EC0265001EE32C /* CoreDataTableViewController.h */,
				115829B519EC0265001EE32C /* CoreDataTableViewController.m */,
				1178D4F419ED19E80028261B /* LocationUpdateTableViewController.h */,
				1178D4F319ED19E80028261B /* LocationUpdateTableViewController.m */,
			);
			name = ViewControllers;
			sourceTree = "<group>";
		};
		115C3BC619EAEEFC0002E40C /* View */ = {
			isa = PBXGroup;
			children = (
				11CFD05719E66E0900CA20C7 /* Main.storyboard */,
				11CFD05C19E66E0900CA20C7 /* LaunchScreen.xib */,
			);
			name = View;
			sourceTree = "<group>";
		};
		11CFD03E19E66E0900CA20C7 = {
			isa = PBXGroup;
			children = (
				11CFD04919E66E0900CA20C7 /* CintricLocateTester */,
				11CFD06619E66E0900CA20C7 /* CintricLocateTesterTests */,
				11CFD04819E66E0900CA20C7 /* Products */,
			);
			sourceTree = "<group>";
		};
		11CFD04819E66E0900CA20C7 /* Products */ = {
			isa = PBXGroup;
			children = (
				11CFD04719E66E0900CA20C7 /* CintricLocateTester.app */,
				11CFD06319E66E0900CA20C7 /* CintricLocateTesterTests.xctest */,
			);
			name = Products;
			sourceTree = "<group>";
		};
		11CFD04919E66E0900CA20C7 /* CintricLocateTester */ = {
			isa = PBXGroup;
			children = (
				11CFD04E19E66E0900CA20C7 /* AppDelegate.h */,
				11CFD04F19E66E0900CA20C7 /* AppDelegate.m */,
				11CFD05A19E66E0900CA20C7 /* Images.xcassets */,
				11FEF6581C03A8C900CD4B5F /* Cintric.framework */,
				11FEF6591C03A8C900CD4B5F /* Cintric.bundle */,
				115C3BC619EAEEFC0002E40C /* View */,
				115C3BC519EAEED40002E40C /* ViewControllers */,
				115C3BC419EAEEC90002E40C /* Model */,
				11CFD04A19E66E0900CA20C7 /* Supporting Files */,
			);
			path = CintricLocateTester;
			sourceTree = "<group>";
		};
		11CFD04A19E66E0900CA20C7 /* Supporting Files */ = {
			isa = PBXGroup;
			children = (
				11CFD04B19E66E0900CA20C7 /* Info.plist */,
				11CFD04C19E66E0900CA20C7 /* main.m */,
			);
			name = "Supporting Files";
			sourceTree = "<group>";
		};
		11CFD06619E66E0900CA20C7 /* CintricLocateTesterTests */ = {
			isa = PBXGroup;
			children = (
				11CFD06919E66E0900CA20C7 /* CintricLocateTesterTests.m */,
				11CFD06719E66E0900CA20C7 /* Supporting Files */,
			);
			path = CintricLocateTesterTests;
			sourceTree = "<group>";
		};
		11CFD06719E66E0900CA20C7 /* Supporting Files */ = {
			isa = PBXGroup;
			children = (
				11CFD06819E66E0900CA20C7 /* Info.plist */,
			);
			name = "Supporting Files";
			sourceTree = "<group>";
		};
/* End PBXGroup section */

/* Begin PBXNativeTarget section */
		11CFD04619E66E0900CA20C7 /* CintricLocateTester */ = {
			isa = PBXNativeTarget;
			buildConfigurationList = 11CFD06D19E66E0900CA20C7 /* Build configuration list for PBXNativeTarget "CintricLocateTester" */;
			buildPhases = (
				11CFD04319E66E0900CA20C7 /* Sources */,
				11CFD04419E66E0900CA20C7 /* Frameworks */,
				11CFD04519E66E0900CA20C7 /* Resources */,
				11CFD0C219E6B76700CA20C7 /* Embed Frameworks */,
			);
			buildRules = (
			);
			dependencies = (
			);
			name = CintricLocateTester;
			productName = CintricLocateTester;
			productReference = 11CFD04719E66E0900CA20C7 /* CintricLocateTester.app */;
			productType = "com.apple.product-type.application";
		};
		11CFD06219E66E0900CA20C7 /* CintricLocateTesterTests */ = {
			isa = PBXNativeTarget;
			buildConfigurationList = 11CFD07019E66E0900CA20C7 /* Build configuration list for PBXNativeTarget "CintricLocateTesterTests" */;
			buildPhases = (
				11CFD05F19E66E0900CA20C7 /* Sources */,
				11CFD06019E66E0900CA20C7 /* Frameworks */,
				11CFD06119E66E0900CA20C7 /* Resources */,
			);
			buildRules = (
			);
			dependencies = (
				11CFD06519E66E0900CA20C7 /* PBXTargetDependency */,
			);
			name = CintricLocateTesterTests;
			productName = CintricLocateTesterTests;
			productReference = 11CFD06319E66E0900CA20C7 /* CintricLocateTesterTests.xctest */;
			productType = "com.apple.product-type.bundle.unit-test";
		};
/* End PBXNativeTarget section */

/* Begin PBXProject section */
		11CFD03F19E66E0900CA20C7 /* Project object */ = {
			isa = PBXProject;
			attributes = {
				LastUpgradeCheck = 0710;
				ORGANIZATIONNAME = "Joel Green";
				TargetAttributes = {
					11CFD04619E66E0900CA20C7 = {
						CreatedOnToolsVersion = 6.0.1;
						DevelopmentTeam = 3UHXHK3AGY;
						SystemCapabilities = {
							com.apple.BackgroundModes = {
								enabled = 1;
							};
						};
					};
					11CFD06219E66E0900CA20C7 = {
						CreatedOnToolsVersion = 6.0.1;
						TestTargetID = 11CFD04619E66E0900CA20C7;
					};
				};
			};
			buildConfigurationList = 11CFD04219E66E0900CA20C7 /* Build configuration list for PBXProject "CintricLocateTester" */;
			compatibilityVersion = "Xcode 3.2";
			developmentRegion = English;
			hasScannedForEncodings = 0;
			knownRegions = (
				en,
				Base,
			);
			mainGroup = 11CFD03E19E66E0900CA20C7;
			productRefGroup = 11CFD04819E66E0900CA20C7 /* Products */;
			projectDirPath = "";
			projectRoot = "";
			targets = (
				11CFD04619E66E0900CA20C7 /* CintricLocateTester */,
				11CFD06219E66E0900CA20C7 /* CintricLocateTesterTests */,
			);
		};
/* End PBXProject section */

/* Begin PBXResourcesBuildPhase section */
		11CFD04519E66E0900CA20C7 /* Resources */ = {
			isa = PBXResourcesBuildPhase;
			buildActionMask = 2147483647;
			files = (
				11CFD05919E66E0900CA20C7 /* Main.storyboard in Resources */,
				11CFD05E19E66E0900CA20C7 /* LaunchScreen.xib in Resources */,
				11FEF65B1C03A8C900CD4B5F /* Cintric.bundle in Resources */,
				11CFD05B19E66E0900CA20C7 /* Images.xcassets in Resources */,
			);
			runOnlyForDeploymentPostprocessing = 0;
		};
		11CFD06119E66E0900CA20C7 /* Resources */ = {
			isa = PBXResourcesBuildPhase;
			buildActionMask = 2147483647;
			files = (
			);
			runOnlyForDeploymentPostprocessing = 0;
		};
/* End PBXResourcesBuildPhase section */

/* Begin PBXSourcesBuildPhase section */
		11CFD04319E66E0900CA20C7 /* Sources */ = {
			isa = PBXSourcesBuildPhase;
			buildActionMask = 2147483647;
			files = (
				1178D4F519ED19E80028261B /* LocationUpdateTableViewController.m in Sources */,
				115C3BCF19EBF12A0002E40C /* NSDate+ToString.m in Sources */,
				11CFD07519E66F6900CA20C7 /* LocationUpdateObject.m in Sources */,
				115C3BC919EAF0B50002E40C /* LocationUpdateObject+Handler.m in Sources */,
				11CFD05019E66E0900CA20C7 /* AppDelegate.m in Sources */,
				115829B719EC0265001EE32C /* CoreDataTableViewController.m in Sources */,
				11CFD04D19E66E0900CA20C7 /* main.m in Sources */,
				1178D4F819ED1A0D0028261B /* LocationUpdateObject+Annotation.m in Sources */,
				11CFD05619E66E0900CA20C7 /* ViewController.m in Sources */,
				11CFD05319E66E0900CA20C7 /* CintricLocateTester.xcdatamodeld in Sources */,
				115829B119EBF7CD001EE32C /* UpdateHistoryMapViewController.m in Sources */,
			);
			runOnlyForDeploymentPostprocessing = 0;
		};
		11CFD05F19E66E0900CA20C7 /* Sources */ = {
			isa = PBXSourcesBuildPhase;
			buildActionMask = 2147483647;
			files = (
				11CFD06A19E66E0900CA20C7 /* CintricLocateTesterTests.m in Sources */,
			);
			runOnlyForDeploymentPostprocessing = 0;
		};
/* End PBXSourcesBuildPhase section */

/* Begin PBXTargetDependency section */
		11CFD06519E66E0900CA20C7 /* PBXTargetDependency */ = {
			isa = PBXTargetDependency;
			target = 11CFD04619E66E0900CA20C7 /* CintricLocateTester */;
			targetProxy = 11CFD06419E66E0900CA20C7 /* PBXContainerItemProxy */;
		};
/* End PBXTargetDependency section */

/* Begin PBXVariantGroup section */
		11CFD05719E66E0900CA20C7 /* Main.storyboard */ = {
			isa = PBXVariantGroup;
			children = (
				11CFD05819E66E0900CA20C7 /* Base */,
			);
			name = Main.storyboard;
			sourceTree = "<group>";
		};
		11CFD05C19E66E0900CA20C7 /* LaunchScreen.xib */ = {
			isa = PBXVariantGroup;
			children = (
				11CFD05D19E66E0900CA20C7 /* Base */,
			);
			name = LaunchScreen.xib;
			sourceTree = "<group>";
		};
/* End PBXVariantGroup section */

/* Begin XCBuildConfiguration section */
		11CFD06B19E66E0900CA20C7 /* Debug */ = {
			isa = XCBuildConfiguration;
			buildSettings = {
				ALWAYS_SEARCH_USER_PATHS = NO;
				CLANG_CXX_LANGUAGE_STANDARD = "gnu++0x";
				CLANG_CXX_LIBRARY = "libc++";
				CLANG_ENABLE_MODULES = YES;
				CLANG_ENABLE_OBJC_ARC = YES;
				CLANG_WARN_BOOL_CONVERSION = YES;
				CLANG_WARN_CONSTANT_CONVERSION = YES;
				CLANG_WARN_DIRECT_OBJC_ISA_USAGE = YES_ERROR;
				CLANG_WARN_EMPTY_BODY = YES;
				CLANG_WARN_ENUM_CONVERSION = YES;
				CLANG_WARN_INT_CONVERSION = YES;
				CLANG_WARN_OBJC_ROOT_CLASS = YES_ERROR;
				CLANG_WARN_UNREACHABLE_CODE = YES;
				CLANG_WARN__DUPLICATE_METHOD_MATCH = YES;
				"CODE_SIGN_IDENTITY[sdk=iphoneos*]" = "iPhone Developer";
				COPY_PHASE_STRIP = NO;
				ENABLE_STRICT_OBJC_MSGSEND = YES;
				ENABLE_TESTABILITY = YES;
				GCC_C_LANGUAGE_STANDARD = gnu99;
				GCC_DYNAMIC_NO_PIC = NO;
				GCC_OPTIMIZATION_LEVEL = 0;
				GCC_PREPROCESSOR_DEFINITIONS = (
					"DEBUG=1",
					"$(inherited)",
				);
				GCC_SYMBOLS_PRIVATE_EXTERN = NO;
				GCC_WARN_64_TO_32_BIT_CONVERSION = YES;
				GCC_WARN_ABOUT_RETURN_TYPE = YES_ERROR;
				GCC_WARN_UNDECLARED_SELECTOR = YES;
				GCC_WARN_UNINITIALIZED_AUTOS = YES_AGGRESSIVE;
				GCC_WARN_UNUSED_FUNCTION = YES;
				GCC_WARN_UNUSED_VARIABLE = YES;
				IPHONEOS_DEPLOYMENT_TARGET = 8.0;
				MTL_ENABLE_DEBUG_INFO = YES;
				ONLY_ACTIVE_ARCH = YES;
				SDKROOT = iphoneos;
				TARGETED_DEVICE_FAMILY = "1,2";
			};
			name = Debug;
		};
		11CFD06C19E66E0900CA20C7 /* Release */ = {
			isa = XCBuildConfiguration;
			buildSettings = {
				ALWAYS_SEARCH_USER_PATHS = NO;
				CLANG_CXX_LANGUAGE_STANDARD = "gnu++0x";
				CLANG_CXX_LIBRARY = "libc++";
				CLANG_ENABLE_MODULES = YES;
				CLANG_ENABLE_OBJC_ARC = YES;
				CLANG_WARN_BOOL_CONVERSION = YES;
				CLANG_WARN_CONSTANT_CONVERSION = YES;
				CLANG_WARN_DIRECT_OBJC_ISA_USAGE = YES_ERROR;
				CLANG_WARN_EMPTY_BODY = YES;
				CLANG_WARN_ENUM_CONVERSION = YES;
				CLANG_WARN_INT_CONVERSION = YES;
				CLANG_WARN_OBJC_ROOT_CLASS = YES_ERROR;
				CLANG_WARN_UNREACHABLE_CODE = YES;
				CLANG_WARN__DUPLICATE_METHOD_MATCH = YES;
				"CODE_SIGN_IDENTITY[sdk=iphoneos*]" = "iPhone Developer";
				COPY_PHASE_STRIP = YES;
				ENABLE_NS_ASSERTIONS = NO;
				ENABLE_STRICT_OBJC_MSGSEND = YES;
				GCC_C_LANGUAGE_STANDARD = gnu99;
				GCC_WARN_64_TO_32_BIT_CONVERSION = YES;
				GCC_WARN_ABOUT_RETURN_TYPE = YES_ERROR;
				GCC_WARN_UNDECLARED_SELECTOR = YES;
				GCC_WARN_UNINITIALIZED_AUTOS = YES_AGGRESSIVE;
				GCC_WARN_UNUSED_FUNCTION = YES;
				GCC_WARN_UNUSED_VARIABLE = YES;
				IPHONEOS_DEPLOYMENT_TARGET = 8.0;
				MTL_ENABLE_DEBUG_INFO = NO;
				SDKROOT = iphoneos;
				TARGETED_DEVICE_FAMILY = "1,2";
				VALIDATE_PRODUCT = YES;
			};
			name = Release;
		};
		11CFD06E19E66E0900CA20C7 /* Debug */ = {
			isa = XCBuildConfiguration;
			buildSettings = {
				ASSETCATALOG_COMPILER_APPICON_NAME = AppIcon;
				CODE_SIGN_IDENTITY = "iPhone Developer";
				"CODE_SIGN_IDENTITY[sdk=iphoneos*]" = "iPhone Developer";
				FRAMEWORK_SEARCH_PATHS = (
					"$(inherited)",
					"$(PROJECT_DIR)/CintricLocateTester",
					"$(PROJECT_DIR)",
				);
				INFOPLIST_FILE = CintricLocateTester/Info.plist;
				IPHONEOS_DEPLOYMENT_TARGET = 7.0;
				LD_RUNPATH_SEARCH_PATHS = "$(inherited) @executable_path/Frameworks";
				OTHER_LDFLAGS = "-ObjC";
				PRODUCT_BUNDLE_IDENTIFIER = "com.Cintric.$(PRODUCT_NAME:rfc1034identifier)";
				PRODUCT_NAME = "$(TARGET_NAME)";
				PROVISIONING_PROFILE = "";
			};
			name = Debug;
		};
		11CFD06F19E66E0900CA20C7 /* Release */ = {
			isa = XCBuildConfiguration;
			buildSettings = {
				ASSETCATALOG_COMPILER_APPICON_NAME = AppIcon;
				CODE_SIGN_IDENTITY = "iPhone Developer";
				"CODE_SIGN_IDENTITY[sdk=iphoneos*]" = "iPhone Developer";
				FRAMEWORK_SEARCH_PATHS = (
					"$(inherited)",
					"$(PROJECT_DIR)/CintricLocateTester",
					"$(PROJECT_DIR)",
				);
				INFOPLIST_FILE = CintricLocateTester/Info.plist;
				IPHONEOS_DEPLOYMENT_TARGET = 7.0;
				LD_RUNPATH_SEARCH_PATHS = "$(inherited) @executable_path/Frameworks";
				OTHER_LDFLAGS = "-ObjC";
				PRODUCT_BUNDLE_IDENTIFIER = "com.Cintric.$(PRODUCT_NAME:rfc1034identifier)";
				PRODUCT_NAME = "$(TARGET_NAME)";
				PROVISIONING_PROFILE = "";
			};
			name = Release;
		};
		11CFD07119E66E0900CA20C7 /* Debug */ = {
			isa = XCBuildConfiguration;
			buildSettings = {
				BUNDLE_LOADER = "$(TEST_HOST)";
				FRAMEWORK_SEARCH_PATHS = (
					"$(SDKROOT)/Developer/Library/Frameworks",
					"$(inherited)",
				);
				GCC_PREPROCESSOR_DEFINITIONS = (
					"DEBUG=1",
					"$(inherited)",
				);
				INFOPLIST_FILE = CintricLocateTesterTests/Info.plist;
				LD_RUNPATH_SEARCH_PATHS = "$(inherited) @executable_path/Frameworks @loader_path/Frameworks";
				PRODUCT_BUNDLE_IDENTIFIER = "com.Cintric.$(PRODUCT_NAME:rfc1034identifier)";
				PRODUCT_NAME = "$(TARGET_NAME)";
				TEST_HOST = "$(BUILT_PRODUCTS_DIR)/CintricLocateTester.app/CintricLocateTester";
			};
			name = Debug;
		};
		11CFD07219E66E0900CA20C7 /* Release */ = {
			isa = XCBuildConfiguration;
			buildSettings = {
				BUNDLE_LOADER = "$(TEST_HOST)";
				FRAMEWORK_SEARCH_PATHS = (
					"$(SDKROOT)/Developer/Library/Frameworks",
					"$(inherited)",
				);
				INFOPLIST_FILE = CintricLocateTesterTests/Info.plist;
				LD_RUNPATH_SEARCH_PATHS = "$(inherited) @executable_path/Frameworks @loader_path/Frameworks";
				PRODUCT_BUNDLE_IDENTIFIER = "com.Cintric.$(PRODUCT_NAME:rfc1034identifier)";
				PRODUCT_NAME = "$(TARGET_NAME)";
				TEST_HOST = "$(BUILT_PRODUCTS_DIR)/CintricLocateTester.app/CintricLocateTester";
			};
			name = Release;
		};
/* End XCBuildConfiguration section */

/* Begin XCConfigurationList section */
		11CFD04219E66E0900CA20C7 /* Build configuration list for PBXProject "CintricLocateTester" */ = {
			isa = XCConfigurationList;
			buildConfigurations = (
				11CFD06B19E66E0900CA20C7 /* Debug */,
				11CFD06C19E66E0900CA20C7 /* Release */,
			);
			defaultConfigurationIsVisible = 0;
			defaultConfigurationName = Release;
		};
		11CFD06D19E66E0900CA20C7 /* Build configuration list for PBXNativeTarget "CintricLocateTester" */ = {
			isa = XCConfigurationList;
			buildConfigurations = (
				11CFD06E19E66E0900CA20C7 /* Debug */,
				11CFD06F19E66E0900CA20C7 /* Release */,
			);
			defaultConfigurationIsVisible = 0;
			defaultConfigurationName = Release;
		};
		11CFD07019E66E0900CA20C7 /* Build configuration list for PBXNativeTarget "CintricLocateTesterTests" */ = {
			isa = XCConfigurationList;
			buildConfigurations = (
				11CFD07119E66E0900CA20C7 /* Debug */,
				11CFD07219E66E0900CA20C7 /* Release */,
			);
			defaultConfigurationIsVisible = 0;
			defaultConfigurationName = Release;
		};
/* End XCConfigurationList section */

/* Begin XCVersionGroup section */
		11CFD05119E66E0900CA20C7 /* CintricLocateTester.xcdatamodeld */ = {
			isa = XCVersionGroup;
			children = (
				11CFD05219E66E0900CA20C7 /* CintricLocateTester.xcdatamodel */,
			);
			currentVersion = 11CFD05219E66E0900CA20C7 /* CintricLocateTester.xcdatamodel */;
			path = CintricLocateTester.xcdatamodeld;
			sourceTree = "<group>";
			versionGroupType = wrapper.xcdatamodel;
		};
/* End XCVersionGroup section */
	};
	rootObject = 11CFD03F19E66E0900CA20C7 /* Project object */;
}
